// !$*UTF8*$!
{
	archiveVersion = 1;
	classes = {
	};
	objectVersion = 56;
	objects = {

/* Begin PBXBuildFile section */
		053BE0112AAABEEB009504A5 /* AppDelegate.swift in Sources */ = {isa = PBXBuildFile; fileRef = 053BE0102AAABEEB009504A5 /* AppDelegate.swift */; };
		053BE0132AAABEEB009504A5 /* SceneDelegate.swift in Sources */ = {isa = PBXBuildFile; fileRef = 053BE0122AAABEEB009504A5 /* SceneDelegate.swift */; };
		053BE0152AAABEEB009504A5 /* ViewController.swift in Sources */ = {isa = PBXBuildFile; fileRef = 053BE0142AAABEEB009504A5 /* ViewController.swift */; };
		053BE0182AAABEEB009504A5 /* Main.storyboard in Resources */ = {isa = PBXBuildFile; fileRef = 053BE0162AAABEEB009504A5 /* Main.storyboard */; };
		053BE01A2AAABEEC009504A5 /* Assets.xcassets in Resources */ = {isa = PBXBuildFile; fileRef = 053BE0192AAABEEC009504A5 /* Assets.xcassets */; };
		053BE01D2AAABEEC009504A5 /* LaunchScreen.storyboard in Resources */ = {isa = PBXBuildFile; fileRef = 053BE01B2AAABEEC009504A5 /* LaunchScreen.storyboard */; };
		053BE0252AAAC1BF009504A5 /* SocketHandler.swift in Sources */ = {isa = PBXBuildFile; fileRef = 053BE0242AAAC1BF009504A5 /* SocketHandler.swift */; };
		053BE0282AAAC213009504A5 /* SocketIO in Frameworks */ = {isa = PBXBuildFile; productRef = 053BE0272AAAC213009504A5 /* SocketIO */; };
		053BE0312AAAC29D009504A5 /* MessageCell.xib in Resources */ = {isa = PBXBuildFile; fileRef = 053BE02C2AAAC29D009504A5 /* MessageCell.xib */; };
		053BE0322AAAC29D009504A5 /* UITableView+extension.swift in Sources */ = {isa = PBXBuildFile; fileRef = 053BE02D2AAAC29D009504A5 /* UITableView+extension.swift */; };
		053BE0332AAAC29D009504A5 /* UserStatusCell.swift in Sources */ = {isa = PBXBuildFile; fileRef = 053BE02E2AAAC29D009504A5 /* UserStatusCell.swift */; };
		053BE0342AAAC29D009504A5 /* UserStatusCell.xib in Resources */ = {isa = PBXBuildFile; fileRef = 053BE02F2AAAC29D009504A5 /* UserStatusCell.xib */; };
		053BE0352AAAC29D009504A5 /* MessageCell.swift in Sources */ = {isa = PBXBuildFile; fileRef = 053BE0302AAAC29D009504A5 /* MessageCell.swift */; };
		053BE0382AAAC3BE009504A5 /* MessageKit in Frameworks */ = {isa = PBXBuildFile; productRef = 053BE0372AAAC3BE009504A5 /* MessageKit */; };
		053BE03C2AAAC661009504A5 /* ChatViewController.swift in Sources */ = {isa = PBXBuildFile; fileRef = 053BE03B2AAAC661009504A5 /* ChatViewController.swift */; };
		053BE03E2AAAC71D009504A5 /* SlackInputBar.swift in Sources */ = {isa = PBXBuildFile; fileRef = 053BE03D2AAAC71D009504A5 /* SlackInputBar.swift */; };
		053BE0412AAACC85009504A5 /* ChatModel.swift in Sources */ = {isa = PBXBuildFile; fileRef = 053BE0402AAACC85009504A5 /* ChatModel.swift */; };
		053BE04E2AAC9B23009504A5 /* ImageActionHandler.swift in Sources */ = {isa = PBXBuildFile; fileRef = 053BE04D2AAC9B23009504A5 /* ImageActionHandler.swift */; };
		053BE0542AAD571C009504A5 /* SocketChatViewModel.swift in Sources */ = {isa = PBXBuildFile; fileRef = 053BE0532AAD571C009504A5 /* SocketChatViewModel.swift */; };
		053BE0562AAD59B2009504A5 /* SocketChatModel.swift in Sources */ = {isa = PBXBuildFile; fileRef = 053BE0552AAD59B2009504A5 /* SocketChatModel.swift */; };
/* End PBXBuildFile section */

/* Begin PBXFileReference section */
		053BE00D2AAABEEB009504A5 /* SocketChat.app */ = {isa = PBXFileReference; explicitFileType = wrapper.application; includeInIndex = 0; path = SocketChat.app; sourceTree = BUILT_PRODUCTS_DIR; };
		053BE0102AAABEEB009504A5 /* AppDelegate.swift */ = {isa = PBXFileReference; lastKnownFileType = sourcecode.swift; path = AppDelegate.swift; sourceTree = "<group>"; };
		053BE0122AAABEEB009504A5 /* SceneDelegate.swift */ = {isa = PBXFileReference; lastKnownFileType = sourcecode.swift; path = SceneDelegate.swift; sourceTree = "<group>"; };
		053BE0142AAABEEB009504A5 /* ViewController.swift */ = {isa = PBXFileReference; lastKnownFileType = sourcecode.swift; path = ViewController.swift; sourceTree = "<group>"; };
		053BE0172AAABEEB009504A5 /* Base */ = {isa = PBXFileReference; lastKnownFileType = file.storyboard; name = Base; path = Base.lproj/Main.storyboard; sourceTree = "<group>"; };
		053BE0192AAABEEC009504A5 /* Assets.xcassets */ = {isa = PBXFileReference; lastKnownFileType = folder.assetcatalog; path = Assets.xcassets; sourceTree = "<group>"; };
		053BE01C2AAABEEC009504A5 /* Base */ = {isa = PBXFileReference; lastKnownFileType = file.storyboard; name = Base; path = Base.lproj/LaunchScreen.storyboard; sourceTree = "<group>"; };
		053BE01E2AAABEEC009504A5 /* Info.plist */ = {isa = PBXFileReference; lastKnownFileType = text.plist.xml; path = Info.plist; sourceTree = "<group>"; };
		053BE0242AAAC1BF009504A5 /* SocketHandler.swift */ = {isa = PBXFileReference; lastKnownFileType = sourcecode.swift; path = SocketHandler.swift; sourceTree = "<group>"; };
		053BE02C2AAAC29D009504A5 /* MessageCell.xib */ = {isa = PBXFileReference; fileEncoding = 4; lastKnownFileType = file.xib; path = MessageCell.xib; sourceTree = "<group>"; };
		053BE02D2AAAC29D009504A5 /* UITableView+extension.swift */ = {isa = PBXFileReference; fileEncoding = 4; lastKnownFileType = sourcecode.swift; path = "UITableView+extension.swift"; sourceTree = "<group>"; };
		053BE02E2AAAC29D009504A5 /* UserStatusCell.swift */ = {isa = PBXFileReference; fileEncoding = 4; lastKnownFileType = sourcecode.swift; path = UserStatusCell.swift; sourceTree = "<group>"; };
		053BE02F2AAAC29D009504A5 /* UserStatusCell.xib */ = {isa = PBXFileReference; fileEncoding = 4; lastKnownFileType = file.xib; path = UserStatusCell.xib; sourceTree = "<group>"; };
		053BE0302AAAC29D009504A5 /* MessageCell.swift */ = {isa = PBXFileReference; fileEncoding = 4; lastKnownFileType = sourcecode.swift; path = MessageCell.swift; sourceTree = "<group>"; };
		053BE03B2AAAC661009504A5 /* ChatViewController.swift */ = {isa = PBXFileReference; lastKnownFileType = sourcecode.swift; path = ChatViewController.swift; sourceTree = "<group>"; };
		053BE03D2AAAC71D009504A5 /* SlackInputBar.swift */ = {isa = PBXFileReference; lastKnownFileType = sourcecode.swift; path = SlackInputBar.swift; sourceTree = "<group>"; };
		053BE0402AAACC85009504A5 /* ChatModel.swift */ = {isa = PBXFileReference; lastKnownFileType = sourcecode.swift; path = ChatModel.swift; sourceTree = "<group>"; };
		053BE04D2AAC9B23009504A5 /* ImageActionHandler.swift */ = {isa = PBXFileReference; lastKnownFileType = sourcecode.swift; path = ImageActionHandler.swift; sourceTree = "<group>"; };
		053BE04F2AAD51F0009504A5 /* zh-Hant */ = {isa = PBXFileReference; lastKnownFileType = text.plist.strings; name = "zh-Hant"; path = "zh-Hant.lproj/Main.strings"; sourceTree = "<group>"; };
		053BE0502AAD51F0009504A5 /* zh-Hant */ = {isa = PBXFileReference; lastKnownFileType = text.plist.strings; name = "zh-Hant"; path = "zh-Hant.lproj/LaunchScreen.strings"; sourceTree = "<group>"; };
		053BE0532AAD571C009504A5 /* SocketChatViewModel.swift */ = {isa = PBXFileReference; lastKnownFileType = sourcecode.swift; path = SocketChatViewModel.swift; sourceTree = "<group>"; };
		053BE0552AAD59B2009504A5 /* SocketChatModel.swift */ = {isa = PBXFileReference; lastKnownFileType = sourcecode.swift; path = SocketChatModel.swift; sourceTree = "<group>"; };
/* End PBXFileReference section */

/* Begin PBXFrameworksBuildPhase section */
		053BE00A2AAABEEB009504A5 /* Frameworks */ = {
			isa = PBXFrameworksBuildPhase;
			buildActionMask = 2147483647;
			files = (
				053BE0282AAAC213009504A5 /* SocketIO in Frameworks */,
				053BE0382AAAC3BE009504A5 /* MessageKit in Frameworks */,
			);
			runOnlyForDeploymentPostprocessing = 0;
		};
/* End PBXFrameworksBuildPhase section */

/* Begin PBXGroup section */
		053BE0042AAABEEB009504A5 = {
			isa = PBXGroup;
			children = (
				053BE00F2AAABEEB009504A5 /* SocketChat */,
				053BE00E2AAABEEB009504A5 /* Products */,
			);
			sourceTree = "<group>";
		};
		053BE00E2AAABEEB009504A5 /* Products */ = {
			isa = PBXGroup;
			children = (
				053BE00D2AAABEEB009504A5 /* SocketChat.app */,
			);
			name = Products;
			sourceTree = "<group>";
		};
		053BE00F2AAABEEB009504A5 /* SocketChat */ = {
			isa = PBXGroup;
			children = (
				053BE03A2AAAC4E4009504A5 /* Extension */,
				053BE0392AAAC4D7009504A5 /* Chat */,
				053BE0102AAABEEB009504A5 /* AppDelegate.swift */,
				053BE0122AAABEEB009504A5 /* SceneDelegate.swift */,
				053BE0142AAABEEB009504A5 /* ViewController.swift */,
				053BE0242AAAC1BF009504A5 /* SocketHandler.swift */,
				053BE0162AAABEEB009504A5 /* Main.storyboard */,
				053BE0192AAABEEC009504A5 /* Assets.xcassets */,
				053BE01B2AAABEEC009504A5 /* LaunchScreen.storyboard */,
				053BE01E2AAABEEC009504A5 /* Info.plist */,
				053BE04D2AAC9B23009504A5 /* ImageActionHandler.swift */,
				053BE0532AAD571C009504A5 /* SocketChatViewModel.swift */,
				053BE0552AAD59B2009504A5 /* SocketChatModel.swift */,
			);
			path = SocketChat;
			sourceTree = "<group>";
		};
		053BE0392AAAC4D7009504A5 /* Chat */ = {
			isa = PBXGroup;
			children = (
				053BE0302AAAC29D009504A5 /* MessageCell.swift */,
				053BE02C2AAAC29D009504A5 /* MessageCell.xib */,
				053BE02E2AAAC29D009504A5 /* UserStatusCell.swift */,
				053BE02F2AAAC29D009504A5 /* UserStatusCell.xib */,
				053BE03B2AAAC661009504A5 /* ChatViewController.swift */,
				053BE03D2AAAC71D009504A5 /* SlackInputBar.swift */,
				053BE0402AAACC85009504A5 /* ChatModel.swift */,
			);
			path = Chat;
			sourceTree = "<group>";
		};
		053BE03A2AAAC4E4009504A5 /* Extension */ = {
			isa = PBXGroup;
			children = (
				053BE02D2AAAC29D009504A5 /* UITableView+extension.swift */,
			);
			path = Extension;
			sourceTree = "<group>";
		};
/* End PBXGroup section */

/* Begin PBXNativeTarget section */
		053BE00C2AAABEEB009504A5 /* SocketChat */ = {
			isa = PBXNativeTarget;
			buildConfigurationList = 053BE0212AAABEEC009504A5 /* Build configuration list for PBXNativeTarget "SocketChat" */;
			buildPhases = (
				053BE0092AAABEEB009504A5 /* Sources */,
				053BE00A2AAABEEB009504A5 /* Frameworks */,
				053BE00B2AAABEEB009504A5 /* Resources */,
			);
			buildRules = (
			);
			dependencies = (
			);
			name = SocketChat;
			packageProductDependencies = (
				053BE0272AAAC213009504A5 /* SocketIO */,
				053BE0372AAAC3BE009504A5 /* MessageKit */,
			);
			productName = SocketChat;
			productReference = 053BE00D2AAABEEB009504A5 /* SocketChat.app */;
			productType = "com.apple.product-type.application";
		};
/* End PBXNativeTarget section */

/* Begin PBXProject section */
		053BE0052AAABEEB009504A5 /* Project object */ = {
			isa = PBXProject;
			attributes = {
				BuildIndependentTargetsInParallel = 1;
				LastSwiftUpdateCheck = 1430;
				LastUpgradeCheck = 1430;
				TargetAttributes = {
					053BE00C2AAABEEB009504A5 = {
						CreatedOnToolsVersion = 14.3.1;
					};
				};
			};
			buildConfigurationList = 053BE0082AAABEEB009504A5 /* Build configuration list for PBXProject "SocketChat" */;
			compatibilityVersion = "Xcode 14.0";
			developmentRegion = en;
			hasScannedForEncodings = 0;
			knownRegions = (
				en,
				Base,
				"zh-Hant",
			);
			mainGroup = 053BE0042AAABEEB009504A5;
			packageReferences = (
				053BE0262AAAC213009504A5 /* XCRemoteSwiftPackageReference "socket" */,
				053BE0362AAAC3BE009504A5 /* XCRemoteSwiftPackageReference "MessageKit" */,
			);
			productRefGroup = 053BE00E2AAABEEB009504A5 /* Products */;
			projectDirPath = "";
			projectRoot = "";
			targets = (
				053BE00C2AAABEEB009504A5 /* SocketChat */,
			);
		};
/* End PBXProject section */

/* Begin PBXResourcesBuildPhase section */
		053BE00B2AAABEEB009504A5 /* Resources */ = {
			isa = PBXResourcesBuildPhase;
			buildActionMask = 2147483647;
			files = (
				053BE01D2AAABEEC009504A5 /* LaunchScreen.storyboard in Resources */,
				053BE0342AAAC29D009504A5 /* UserStatusCell.xib in Resources */,
				053BE0312AAAC29D009504A5 /* MessageCell.xib in Resources */,
				053BE01A2AAABEEC009504A5 /* Assets.xcassets in Resources */,
				053BE0182AAABEEB009504A5 /* Main.storyboard in Resources */,
			);
			runOnlyForDeploymentPostprocessing = 0;
		};
/* End PBXResourcesBuildPhase section */

/* Begin PBXSourcesBuildPhase section */
		053BE0092AAABEEB009504A5 /* Sources */ = {
			isa = PBXSourcesBuildPhase;
			buildActionMask = 2147483647;
			files = (
				053BE0152AAABEEB009504A5 /* ViewController.swift in Sources */,
				053BE0562AAD59B2009504A5 /* SocketChatModel.swift in Sources */,
				053BE0352AAAC29D009504A5 /* MessageCell.swift in Sources */,
				053BE0542AAD571C009504A5 /* SocketChatViewModel.swift in Sources */,
				053BE0412AAACC85009504A5 /* ChatModel.swift in Sources */,
				053BE0252AAAC1BF009504A5 /* SocketHandler.swift in Sources */,
				053BE04E2AAC9B23009504A5 /* ImageActionHandler.swift in Sources */,
				053BE0322AAAC29D009504A5 /* UITableView+extension.swift in Sources */,
				053BE03E2AAAC71D009504A5 /* SlackInputBar.swift in Sources */,
				053BE0112AAABEEB009504A5 /* AppDelegate.swift in Sources */,
				053BE0332AAAC29D009504A5 /* UserStatusCell.swift in Sources */,
				053BE03C2AAAC661009504A5 /* ChatViewController.swift in Sources */,
				053BE0132AAABEEB009504A5 /* SceneDelegate.swift in Sources */,
			);
			runOnlyForDeploymentPostprocessing = 0;
		};
/* End PBXSourcesBuildPhase section */

/* Begin PBXVariantGroup section */
		053BE0162AAABEEB009504A5 /* Main.storyboard */ = {
			isa = PBXVariantGroup;
			children = (
				053BE0172AAABEEB009504A5 /* Base */,
				053BE04F2AAD51F0009504A5 /* zh-Hant */,
			);
			name = Main.storyboard;
			sourceTree = "<group>";
		};
		053BE01B2AAABEEC009504A5 /* LaunchScreen.storyboard */ = {
			isa = PBXVariantGroup;
			children = (
				053BE01C2AAABEEC009504A5 /* Base */,
				053BE0502AAD51F0009504A5 /* zh-Hant */,
			);
			name = LaunchScreen.storyboard;
			sourceTree = "<group>";
		};
/* End PBXVariantGroup section */

/* Begin XCBuildConfiguration section */
		053BE01F2AAABEEC009504A5 /* Debug */ = {
			isa = XCBuildConfiguration;
			buildSettings = {
				ALWAYS_SEARCH_USER_PATHS = NO;
				CLANG_ANALYZER_LOCALIZABILITY_NONLOCALIZED = YES;
				CLANG_ANALYZER_NONNULL = YES;
				CLANG_ANALYZER_NUMBER_OBJECT_CONVERSION = YES_AGGRESSIVE;
				CLANG_CXX_LANGUAGE_STANDARD = "gnu++20";
				CLANG_ENABLE_MODULES = YES;
				CLANG_ENABLE_OBJC_ARC = YES;
				CLANG_ENABLE_OBJC_WEAK = YES;
				CLANG_WARN_BLOCK_CAPTURE_AUTORELEASING = YES;
				CLANG_WARN_BOOL_CONVERSION = YES;
				CLANG_WARN_COMMA = YES;
				CLANG_WARN_CONSTANT_CONVERSION = YES;
				CLANG_WARN_DEPRECATED_OBJC_IMPLEMENTATIONS = YES;
				CLANG_WARN_DIRECT_OBJC_ISA_USAGE = YES_ERROR;
				CLANG_WARN_DOCUMENTATION_COMMENTS = YES;
				CLANG_WARN_EMPTY_BODY = YES;
				CLANG_WARN_ENUM_CONVERSION = YES;
				CLANG_WARN_INFINITE_RECURSION = YES;
				CLANG_WARN_INT_CONVERSION = YES;
				CLANG_WARN_NON_LITERAL_NULL_CONVERSION = YES;
				CLANG_WARN_OBJC_IMPLICIT_RETAIN_SELF = YES;
				CLANG_WARN_OBJC_LITERAL_CONVERSION = YES;
				CLANG_WARN_OBJC_ROOT_CLASS = YES_ERROR;
				CLANG_WARN_QUOTED_INCLUDE_IN_FRAMEWORK_HEADER = YES;
				CLANG_WARN_RANGE_LOOP_ANALYSIS = YES;
				CLANG_WARN_STRICT_PROTOTYPES = YES;
				CLANG_WARN_SUSPICIOUS_MOVE = YES;
				CLANG_WARN_UNGUARDED_AVAILABILITY = YES_AGGRESSIVE;
				CLANG_WARN_UNREACHABLE_CODE = YES;
				CLANG_WARN__DUPLICATE_METHOD_MATCH = YES;
				COPY_PHASE_STRIP = NO;
				DEBUG_INFORMATION_FORMAT = dwarf;
				ENABLE_STRICT_OBJC_MSGSEND = YES;
				ENABLE_TESTABILITY = YES;
				GCC_C_LANGUAGE_STANDARD = gnu11;
				GCC_DYNAMIC_NO_PIC = NO;
				GCC_NO_COMMON_BLOCKS = YES;
				GCC_OPTIMIZATION_LEVEL = 0;
				GCC_PREPROCESSOR_DEFINITIONS = (
					"DEBUG=1",
					"$(inherited)",
				);
				GCC_WARN_64_TO_32_BIT_CONVERSION = YES;
				GCC_WARN_ABOUT_RETURN_TYPE = YES_ERROR;
				GCC_WARN_UNDECLARED_SELECTOR = YES;
				GCC_WARN_UNINITIALIZED_AUTOS = YES_AGGRESSIVE;
				GCC_WARN_UNUSED_FUNCTION = YES;
				GCC_WARN_UNUSED_VARIABLE = YES;
				IPHONEOS_DEPLOYMENT_TARGET = 16.4;
				MTL_ENABLE_DEBUG_INFO = INCLUDE_SOURCE;
				MTL_FAST_MATH = YES;
				ONLY_ACTIVE_ARCH = YES;
				SDKROOT = iphoneos;
				SWIFT_ACTIVE_COMPILATION_CONDITIONS = DEBUG;
				SWIFT_OPTIMIZATION_LEVEL = "-Onone";
			};
			name = Debug;
		};
		053BE0202AAABEEC009504A5 /* Release */ = {
			isa = XCBuildConfiguration;
			buildSettings = {
				ALWAYS_SEARCH_USER_PATHS = NO;
				CLANG_ANALYZER_LOCALIZABILITY_NONLOCALIZED = YES;
				CLANG_ANALYZER_NONNULL = YES;
				CLANG_ANALYZER_NUMBER_OBJECT_CONVERSION = YES_AGGRESSIVE;
				CLANG_CXX_LANGUAGE_STANDARD = "gnu++20";
				CLANG_ENABLE_MODULES = YES;
				CLANG_ENABLE_OBJC_ARC = YES;
				CLANG_ENABLE_OBJC_WEAK = YES;
				CLANG_WARN_BLOCK_CAPTURE_AUTORELEASING = YES;
				CLANG_WARN_BOOL_CONVERSION = YES;
				CLANG_WARN_COMMA = YES;
				CLANG_WARN_CONSTANT_CONVERSION = YES;
				CLANG_WARN_DEPRECATED_OBJC_IMPLEMENTATIONS = YES;
				CLANG_WARN_DIRECT_OBJC_ISA_USAGE = YES_ERROR;
				CLANG_WARN_DOCUMENTATION_COMMENTS = YES;
				CLANG_WARN_EMPTY_BODY = YES;
				CLANG_WARN_ENUM_CONVERSION = YES;
				CLANG_WARN_INFINITE_RECURSION = YES;
				CLANG_WARN_INT_CONVERSION = YES;
				CLANG_WARN_NON_LITERAL_NULL_CONVERSION = YES;
				CLANG_WARN_OBJC_IMPLICIT_RETAIN_SELF = YES;
				CLANG_WARN_OBJC_LITERAL_CONVERSION = YES;
				CLANG_WARN_OBJC_ROOT_CLASS = YES_ERROR;
				CLANG_WARN_QUOTED_INCLUDE_IN_FRAMEWORK_HEADER = YES;
				CLANG_WARN_RANGE_LOOP_ANALYSIS = YES;
				CLANG_WARN_STRICT_PROTOTYPES = YES;
				CLANG_WARN_SUSPICIOUS_MOVE = YES;
				CLANG_WARN_UNGUARDED_AVAILABILITY = YES_AGGRESSIVE;
				CLANG_WARN_UNREACHABLE_CODE = YES;
				CLANG_WARN__DUPLICATE_METHOD_MATCH = YES;
				COPY_PHASE_STRIP = NO;
				DEBUG_INFORMATION_FORMAT = "dwarf-with-dsym";
				ENABLE_NS_ASSERTIONS = NO;
				ENABLE_STRICT_OBJC_MSGSEND = YES;
				GCC_C_LANGUAGE_STANDARD = gnu11;
				GCC_NO_COMMON_BLOCKS = YES;
				GCC_WARN_64_TO_32_BIT_CONVERSION = YES;
				GCC_WARN_ABOUT_RETURN_TYPE = YES_ERROR;
				GCC_WARN_UNDECLARED_SELECTOR = YES;
				GCC_WARN_UNINITIALIZED_AUTOS = YES_AGGRESSIVE;
				GCC_WARN_UNUSED_FUNCTION = YES;
				GCC_WARN_UNUSED_VARIABLE = YES;
				IPHONEOS_DEPLOYMENT_TARGET = 16.4;
				MTL_ENABLE_DEBUG_INFO = NO;
				MTL_FAST_MATH = YES;
				SDKROOT = iphoneos;
				SWIFT_COMPILATION_MODE = wholemodule;
				SWIFT_OPTIMIZATION_LEVEL = "-O";
				VALIDATE_PRODUCT = YES;
			};
			name = Release;
		};
		053BE0222AAABEEC009504A5 /* Debug */ = {
			isa = XCBuildConfiguration;
			buildSettings = {
				ASSETCATALOG_COMPILER_APPICON_NAME = AppIcon;
				ASSETCATALOG_COMPILER_GLOBAL_ACCENT_COLOR_NAME = AccentColor;
				CODE_SIGN_STYLE = Automatic;
				CURRENT_PROJECT_VERSION = 1;
				DEVELOPMENT_TEAM = Z4U4RWP3LA;
				GENERATE_INFOPLIST_FILE = YES;
				INFOPLIST_FILE = SocketChat/Info.plist;
				INFOPLIST_KEY_UIApplicationSupportsIndirectInputEvents = YES;
				INFOPLIST_KEY_UILaunchStoryboardName = LaunchScreen;
				INFOPLIST_KEY_UIMainStoryboardFile = Main;
				INFOPLIST_KEY_UISupportedInterfaceOrientations_iPad = "UIInterfaceOrientationPortrait UIInterfaceOrientationPortraitUpsideDown UIInterfaceOrientationLandscapeLeft UIInterfaceOrientationLandscapeRight";
				INFOPLIST_KEY_UISupportedInterfaceOrientations_iPhone = "UIInterfaceOrientationPortrait UIInterfaceOrientationLandscapeLeft UIInterfaceOrientationLandscapeRight";
				LD_RUNPATH_SEARCH_PATHS = (
					"$(inherited)",
					"@executable_path/Frameworks",
				);
				MARKETING_VERSION = 1.0;
				PRODUCT_BUNDLE_IDENTIFIER = com.LinZheHao.SocketChat;
				PRODUCT_NAME = "$(TARGET_NAME)";
				SWIFT_EMIT_LOC_STRINGS = YES;
				SWIFT_VERSION = 5.0;
				TARGETED_DEVICE_FAMILY = "1,2";
			};
			name = Debug;
		};
		053BE0232AAABEEC009504A5 /* Release */ = {
			isa = XCBuildConfiguration;
			buildSettings = {
				ASSETCATALOG_COMPILER_APPICON_NAME = AppIcon;
				ASSETCATALOG_COMPILER_GLOBAL_ACCENT_COLOR_NAME = AccentColor;
				CODE_SIGN_STYLE = Automatic;
				CURRENT_PROJECT_VERSION = 1;
				DEVELOPMENT_TEAM = Z4U4RWP3LA;
				GENERATE_INFOPLIST_FILE = YES;
				INFOPLIST_FILE = SocketChat/Info.plist;
				INFOPLIST_KEY_UIApplicationSupportsIndirectInputEvents = YES;
				INFOPLIST_KEY_UILaunchStoryboardName = LaunchScreen;
				INFOPLIST_KEY_UIMainStoryboardFile = Main;
				INFOPLIST_KEY_UISupportedInterfaceOrientations_iPad = "UIInterfaceOrientationPortrait UIInterfaceOrientationPortraitUpsideDown UIInterfaceOrientationLandscapeLeft UIInterfaceOrientationLandscapeRight";
				INFOPLIST_KEY_UISupportedInterfaceOrientations_iPhone = "UIInterfaceOrientationPortrait UIInterfaceOrientationLandscapeLeft UIInterfaceOrientationLandscapeRight";
				LD_RUNPATH_SEARCH_PATHS = (
					"$(inherited)",
					"@executable_path/Frameworks",
				);
				MARKETING_VERSION = 1.0;
				PRODUCT_BUNDLE_IDENTIFIER = com.LinZheHao.SocketChat;
				PRODUCT_NAME = "$(TARGET_NAME)";
				SWIFT_EMIT_LOC_STRINGS = YES;
				SWIFT_VERSION = 5.0;
				TARGETED_DEVICE_FAMILY = "1,2";
			};
			name = Release;
		};
/* End XCBuildConfiguration section */

/* Begin XCConfigurationList section */
		053BE0082AAABEEB009504A5 /* Build configuration list for PBXProject "SocketChat" */ = {
			isa = XCConfigurationList;
			buildConfigurations = (
				053BE01F2AAABEEC009504A5 /* Debug */,
				053BE0202AAABEEC009504A5 /* Release */,
			);
			defaultConfigurationIsVisible = 0;
			defaultConfigurationName = Release;
		};
		053BE0212AAABEEC009504A5 /* Build configuration list for PBXNativeTarget "SocketChat" */ = {
			isa = XCConfigurationList;
			buildConfigurations = (
				053BE0222AAABEEC009504A5 /* Debug */,
				053BE0232AAABEEC009504A5 /* Release */,
			);
			defaultConfigurationIsVisible = 0;
			defaultConfigurationName = Release;
		};
/* End XCConfigurationList section */

/* Begin XCRemoteSwiftPackageReference section */
		053BE0262AAAC213009504A5 /* XCRemoteSwiftPackageReference "socket" */ = {
			isa = XCRemoteSwiftPackageReference;
			repositoryURL = "https://github.com/socketio/socket.io-client-swift";
			requirement = {
				branch = master;
				kind = branch;
			};
		};
		053BE0362AAAC3BE009504A5 /* XCRemoteSwiftPackageReference "MessageKit" */ = {
			isa = XCRemoteSwiftPackageReference;
			repositoryURL = "https://github.com/MessageKit/MessageKit";
			requirement = {
				kind = upToNextMajorVersion;
				minimumVersion = 4.0.0;
			};
		};
/* End XCRemoteSwiftPackageReference section */

/* Begin XCSwiftPackageProductDependency section */
		053BE0272AAAC213009504A5 /* SocketIO */ = {
			isa = XCSwiftPackageProductDependency;
			package = 053BE0262AAAC213009504A5 /* XCRemoteSwiftPackageReference "socket" */;
			productName = SocketIO;
		};
		053BE0372AAAC3BE009504A5 /* MessageKit */ = {
			isa = XCSwiftPackageProductDependency;
			package = 053BE0362AAAC3BE009504A5 /* XCRemoteSwiftPackageReference "MessageKit" */;
			productName = MessageKit;
		};
/* End XCSwiftPackageProductDependency section */
	};
	rootObject = 053BE0052AAABEEB009504A5 /* Project object */;
}
